// !$*UTF8*$!
{
	archiveVersion = 1;
	classes = {
	};
	objectVersion = 77;
	objects = {

/* Begin PBXContainerItemProxy section */
		CCA5A9C82F5EEAFF0063F1EE /* PBXContainerItemProxy */ = {
			isa = PBXContainerItemProxy;
			containerPortal = CCA5A9B02F5EEAFE0063F1EE /* Project object */;
			proxyType = 1;
			remoteGlobalIDString = CCA5A9B72F5EEAFE0063F1EE;
			remoteInfo = "MYcro History";
		};
		CCA5A9D22F5EEAFF0063F1EE /* PBXContainerItemProxy */ = {
			isa = PBXContainerItemProxy;
			containerPortal = CCA5A9B02F5EEAFE0063F1EE /* Project object */;
			proxyType = 1;
			remoteGlobalIDString = CCA5A9B72F5EEAFE0063F1EE;
			remoteInfo = "MYcro History";
		};
/* End PBXContainerItemProxy section */

/* Begin PBXFileReference section */
		CCA5A9B82F5EEAFE0063F1EE /* MYcro History.app */ = {isa = PBXFileReference; explicitFileType = wrapper.application; includeInIndex = 0; path = "MYcro History.app"; sourceTree = BUILT_PRODUCTS_DIR; };
		CCA5A9C72F5EEAFF0063F1EE /* MYcro HistoryTests.xctest */ = {isa = PBXFileReference; explicitFileType = wrapper.cfbundle; includeInIndex = 0; path = "MYcro HistoryTests.xctest"; sourceTree = BUILT_PRODUCTS_DIR; };
		CCA5A9D12F5EEAFF0063F1EE /* MYcro HistoryUITests.xctest */ = {isa = PBXFileReference; explicitFileType = wrapper.cfbundle; includeInIndex = 0; path = "MYcro HistoryUITests.xctest"; sourceTree = BUILT_PRODUCTS_DIR; };
/* End PBXFileReference section */

/* Begin PBXFileSystemSynchronizedRootGroup section */
		CCA5A9BA2F5EEAFE0063F1EE /* MYcro History */ = {
			isa = PBXFileSystemSynchronizedRootGroup;
			path = "MYcro History";
			sourceTree = "<group>";
		};
		CCA5A9CA2F5EEAFF0063F1EE /* MYcro HistoryTests */ = {
			isa = PBXFileSystemSynchronizedRootGroup;
			path = "MYcro HistoryTests";
			sourceTree = "<group>";
		};
		CCA5A9D42F5EEAFF0063F1EE /* MYcro HistoryUITests */ = {
			isa = PBXFileSystemSynchronizedRootGroup;
			path = "MYcro HistoryUITests";
			sourceTree = "<group>";
		};
/* End PBXFileSystemSynchronizedRootGroup section */

/* Begin PBXFrameworksBuildPhase section */
		CCA5A9B52F5EEAFE0063F1EE /* Frameworks */ = {
			isa = PBXFrameworksBuildPhase;
			buildActionMask = 2147483647;
			files = (
			);
			runOnlyForDeploymentPostprocessing = 0;
		};
		CCA5A9C42F5EEAFF0063F1EE /* Frameworks */ = {
			isa = PBXFrameworksBuildPhase;
			buildActionMask = 2147483647;
			files = (
			);
			runOnlyForDeploymentPostprocessing = 0;
		};
		CCA5A9CE2F5EEAFF0063F1EE /* Frameworks */ = {
			isa = PBXFrameworksBuildPhase;
			buildActionMask = 2147483647;
			files = (
			);
			runOnlyForDeploymentPostprocessing = 0;
		};
/* End PBXFrameworksBuildPhase section */

/* Begin PBXGroup section */
		CCA5A9AF2F5EEAFE0063F1EE = {
			isa = PBXGroup;
			children = (
				CCA5A9BA2F5EEAFE0063F1EE /* MYcro History */,
				CCA5A9CA2F5EEAFF0063F1EE /* MYcro HistoryTests */,
				CCA5A9D42F5EEAFF0063F1EE /* MYcro HistoryUITests */,
				CCA5A9B92F5EEAFE0063F1EE /* Products */,
			);
			sourceTree = "<group>";
		};
		CCA5A9B92F5EEAFE0063F1EE /* Products */ = {
			isa = PBXGroup;
			children = (
				CCA5A9B82F5EEAFE0063F1EE /* MYcro History.app */,
				CCA5A9C72F5EEAFF0063F1EE /* MYcro HistoryTests.xctest */,
				CCA5A9D12F5EEAFF0063F1EE /* MYcro HistoryUITests.xctest */,
			);
			name = Products;
			sourceTree = "<group>";
		};
/* End PBXGroup section */

/* Begin PBXNativeTarget section */
		CCA5A9B72F5EEAFE0063F1EE /* MYcro History */ = {
			isa = PBXNativeTarget;
			buildConfigurationList = CCA5A9DB2F5EEAFF0063F1EE /* Build configuration list for PBXNativeTarget "MYcro History" */;
			buildPhases = (
				CCA5A9B42F5EEAFE0063F1EE /* Sources */,
				CCA5A9B52F5EEAFE0063F1EE /* Frameworks */,
				CCA5A9B62F5EEAFE0063F1EE /* Resources */,
			);
			buildRules = (
			);
			dependencies = (
			);
			fileSystemSynchronizedGroups = (
				CCA5A9BA2F5EEAFE0063F1EE /* MYcro History */,
			);
			name = "MYcro History";
			packageProductDependencies = (
			);
			productName = "MYcro History";
			productReference = CCA5A9B82F5EEAFE0063F1EE /* MYcro History.app */;
			productType = "com.apple.product-type.application";
		};
		CCA5A9C62F5EEAFF0063F1EE /* MYcro HistoryTests */ = {
			isa = PBXNativeTarget;
			buildConfigurationList = CCA5A9DE2F5EEAFF0063F1EE /* Build configuration list for PBXNativeTarget "MYcro HistoryTests" */;
			buildPhases = (
				CCA5A9C32F5EEAFF0063F1EE /* Sources */,
				CCA5A9C42F5EEAFF0063F1EE /* Frameworks */,
				CCA5A9C52F5EEAFF0063F1EE /* Resources */,
			);
			buildRules = (
			);
			dependencies = (
				CCA5A9C92F5EEAFF0063F1EE /* PBXTargetDependency */,
			);
			fileSystemSynchronizedGroups = (
				CCA5A9CA2F5EEAFF0063F1EE /* MYcro HistoryTests */,
			);
			name = "MYcro HistoryTests";
			packageProductDependencies = (
			);
			productName = "MYcro HistoryTests";
			productReference = CCA5A9C72F5EEAFF0063F1EE /* MYcro HistoryTests.xctest */;
			productType = "com.apple.product-type.bundle.unit-test";
		};
		CCA5A9D02F5EEAFF0063F1EE /* MYcro HistoryUITests */ = {
			isa = PBXNativeTarget;
			buildConfigurationList = CCA5A9E12F5EEAFF0063F1EE /* Build configuration list for PBXNativeTarget "MYcro HistoryUITests" */;
			buildPhases = (
				CCA5A9CD2F5EEAFF0063F1EE /* Sources */,
				CCA5A9CE2F5EEAFF0063F1EE /* Frameworks */,
				CCA5A9CF2F5EEAFF0063F1EE /* Resources */,
			);
			buildRules = (
			);
			dependencies = (
				CCA5A9D32F5EEAFF0063F1EE /* PBXTargetDependency */,
			);
			fileSystemSynchronizedGroups = (
				CCA5A9D42F5EEAFF0063F1EE /* MYcro HistoryUITests */,
			);
			name = "MYcro HistoryUITests";
			packageProductDependencies = (
			);
			productName = "MYcro HistoryUITests";
			productReference = CCA5A9D12F5EEAFF0063F1EE /* MYcro HistoryUITests.xctest */;
			productType = "com.apple.product-type.bundle.ui-testing";
		};
/* End PBXNativeTarget section */

/* Begin PBXProject section */
		CCA5A9B02F5EEAFE0063F1EE /* Project object */ = {
			isa = PBXProject;
			attributes = {
				BuildIndependentTargetsInParallel = 1;
				LastSwiftUpdateCheck = 1640;
				LastUpgradeCheck = 1640;
				TargetAttributes = {
					CCA5A9B72F5EEAFE0063F1EE = {
						CreatedOnToolsVersion = 16.4;
					};
					CCA5A9C62F5EEAFF0063F1EE = {
						CreatedOnToolsVersion = 16.4;
						TestTargetID = CCA5A9B72F5EEAFE0063F1EE;
					};
					CCA5A9D02F5EEAFF0063F1EE = {
						CreatedOnToolsVersion = 16.4;
						TestTargetID = CCA5A9B72F5EEAFE0063F1EE;
					};
				};
			};
			buildConfigurationList = CCA5A9B32F5EEAFE0063F1EE /* Build configuration list for PBXProject "MYcro History" */;
			developmentRegion = en;
			hasScannedForEncodings = 0;
			knownRegions = (
				en,
				Base,
			);
			mainGroup = CCA5A9AF2F5EEAFE0063F1EE;
			minimizedProjectReferenceProxies = 1;
			preferredProjectObjectVersion = 77;
			productRefGroup = CCA5A9B92F5EEAFE0063F1EE /* Products */;
			projectDirPath = "";
			projectRoot = "";
			targets = (
				CCA5A9B72F5EEAFE0063F1EE /* MYcro History */,
				CCA5A9C62F5EEAFF0063F1EE /* MYcro HistoryTests */,
				CCA5A9D02F5EEAFF0063F1EE /* MYcro HistoryUITests */,
			);
		};
/* End PBXProject section */

/* Begin PBXResourcesBuildPhase section */
		CCA5A9B62F5EEAFE0063F1EE /* Resources */ = {
			isa = PBXResourcesBuildPhase;
			buildActionMask = 2147483647;
			files = (
			);
			runOnlyForDeploymentPostprocessing = 0;
		};
		CCA5A9C52F5EEAFF0063F1EE /* Resources */ = {
			isa = PBXResourcesBuildPhase;
			buildActionMask = 2147483647;
			files = (
			);
			runOnlyForDeploymentPostprocessing = 0;
		};
		CCA5A9CF2F5EEAFF0063F1EE /* Resources */ = {
			isa = PBXResourcesBuildPhase;
			buildActionMask = 2147483647;
			files = (
			);
			runOnlyForDeploymentPostprocessing = 0;
		};
/* End PBXResourcesBuildPhase section */

/* Begin PBXSourcesBuildPhase section */
		CCA5A9B42F5EEAFE0063F1EE /* Sources */ = {
			isa = PBXSourcesBuildPhase;
			buildActionMask = 2147483647;
			files = (
			);
			runOnlyForDeploymentPostprocessing = 0;
		};
		CCA5A9C32F5EEAFF0063F1EE /* Sources */ = {
			isa = PBXSourcesBuildPhase;
			buildActionMask = 2147483647;
			files = (
			);
			runOnlyForDeploymentPostprocessing = 0;
		};
		CCA5A9CD2F5EEAFF0063F1EE /* Sources */ = {
			isa = PBXSourcesBuildPhase;
			buildActionMask = 2147483647;
			files = (
			);
			runOnlyForDeploymentPostprocessing = 0;
		};
/* End PBXSourcesBuildPhase section */

/* Begin PBXTargetDependency section */
		CCA5A9C92F5EEAFF0063F1EE /* PBXTargetDependency */ = {
			isa = PBXTargetDependency;
			target = CCA5A9B72F5EEAFE0063F1EE /* MYcro History */;
			targetProxy = CCA5A9C82F5EEAFF0063F1EE /* PBXContainerItemProxy */;
		};
		CCA5A9D32F5EEAFF0063F1EE /* PBXTargetDependency */ = {
			isa = PBXTargetDependency;
			target = CCA5A9B72F5EEAFE0063F1EE /* MYcro History */;
			targetProxy = CCA5A9D22F5EEAFF0063F1EE /* PBXContainerItemProxy */;
		};
/* End PBXTargetDependency section */

/* Begin XCBuildConfiguration section */
		CCA5A9D92F5EEAFF0063F1EE /* Debug */ = {
			isa = XCBuildConfiguration;
			buildSettings = {
				ALWAYS_SEARCH_USER_PATHS = NO;
				ASSETCATALOG_COMPILER_GENERATE_SWIFT_ASSET_SYMBOL_EXTENSIONS = YES;
				CLANG_ANALYZER_NONNULL = YES;
				CLANG_ANALYZER_NUMBER_OBJECT_CONVERSION = YES_AGGRESSIVE;
				CLANG_CXX_LANGUAGE_STANDARD = "gnu++20";
				CLANG_ENABLE_MODULES = YES;
				CLANG_ENABLE_OBJC_ARC = YES;
				CLANG_ENABLE_OBJC_WEAK = YES;
				CLANG_WARN_BLOCK_CAPTURE_AUTORELEASING = YES;
				CLANG_WARN_BOOL_CONVERSION = YES;
				CLANG_WARN_COMMA = YES;
				CLANG_WARN_CONSTANT_CONVERSION = YES;
				CLANG_WARN_DEPRECATED_OBJC_IMPLEMENTATIONS = YES;
				CLANG_WARN_DIRECT_OBJC_ISA_USAGE = YES_ERROR;
				CLANG_WARN_DOCUMENTATION_COMMENTS = YES;
				CLANG_WARN_EMPTY_BODY = YES;
				CLANG_WARN_ENUM_CONVERSION = YES;
				CLANG_WARN_INFINITE_RECURSION = YES;
				CLANG_WARN_INT_CONVERSION = YES;
				CLANG_WARN_NON_LITERAL_NULL_CONVERSION = YES;
				CLANG_WARN_OBJC_IMPLICIT_RETAIN_SELF = YES;
				CLANG_WARN_OBJC_LITERAL_CONVERSION = YES;
				CLANG_WARN_OBJC_ROOT_CLASS = YES_ERROR;
				CLANG_WARN_QUOTED_INCLUDE_IN_FRAMEWORK_HEADER = YES;
				CLANG_WARN_RANGE_LOOP_ANALYSIS = YES;
				CLANG_WARN_STRICT_PROTOTYPES = YES;
				CLANG_WARN_SUSPICIOUS_MOVE = YES;
				CLANG_WARN_UNGUARDED_AVAILABILITY = YES_AGGRESSIVE;
				CLANG_WARN_UNREACHABLE_CODE = YES;
				CLANG_WARN__DUPLICATE_METHOD_MATCH = YES;
				COPY_PHASE_STRIP = NO;
				DEBUG_INFORMATION_FORMAT = dwarf;
				ENABLE_STRICT_OBJC_MSGSEND = YES;
				ENABLE_TESTABILITY = YES;
				ENABLE_USER_SCRIPT_SANDBOXING = YES;
				GCC_C_LANGUAGE_STANDARD = gnu17;
				GCC_DYNAMIC_NO_PIC = NO;
				GCC_NO_COMMON_BLOCKS = YES;
				GCC_OPTIMIZATION_LEVEL = 0;
				GCC_PREPROCESSOR_DEFINITIONS = (
					"DEBUG=1",
					"$(inherited)",
				);
				GCC_WARN_64_TO_32_BIT_CONVERSION = YES;
				GCC_WARN_ABOUT_RETURN_TYPE = YES_ERROR;
				GCC_WARN_UNDECLARED_SELECTOR = YES;
				GCC_WARN_UNINITIALIZED_AUTOS = YES_AGGRESSIVE;
				GCC_WARN_UNUSED_FUNCTION = YES;
				GCC_WARN_UNUSED_VARIABLE = YES;
				IPHONEOS_DEPLOYMENT_TARGET = 18.5;
				LOCALIZATION_PREFERS_STRING_CATALOGS = YES;
				MTL_ENABLE_DEBUG_INFO = INCLUDE_SOURCE;
				MTL_FAST_MATH = YES;
				ONLY_ACTIVE_ARCH = YES;
				SDKROOT = iphoneos;
				SWIFT_ACTIVE_COMPILATION_CONDITIONS = "DEBUG $(inherited)";
				SWIFT_OPTIMIZATION_LEVEL = "-Onone";
			};
			name = Debug;
		};
		CCA5A9DA2F5EEAFF0063F1EE /* Release */ = {
			isa = XCBuildConfiguration;
			buildSettings = {
				ALWAYS_SEARCH_USER_PATHS = NO;
				ASSETCATALOG_COMPILER_GENERATE_SWIFT_ASSET_SYMBOL_EXTENSIONS = YES;
				CLANG_ANALYZER_NONNULL = YES;
				CLANG_ANALYZER_NUMBER_OBJECT_CONVERSION = YES_AGGRESSIVE;
				CLANG_CXX_LANGUAGE_STANDARD = "gnu++20";
				CLANG_ENABLE_MODULES = YES;
				CLANG_ENABLE_OBJC_ARC = YES;
				CLANG_ENABLE_OBJC_WEAK = YES;
				CLANG_WARN_BLOCK_CAPTURE_AUTORELEASING = YES;
				CLANG_WARN_BOOL_CONVERSION = YES;
				CLANG_WARN_COMMA = YES;
				CLANG_WARN_CONSTANT_CONVERSION = YES;
				CLANG_WARN_DEPRECATED_OBJC_IMPLEMENTATIONS = YES;
				CLANG_WARN_DIRECT_OBJC_ISA_USAGE = YES_ERROR;
				CLANG_WARN_DOCUMENTATION_COMMENTS = YES;
				CLANG_WARN_EMPTY_BODY = YES;
				CLANG_WARN_ENUM_CONVERSION = YES;
				CLANG_WARN_INFINITE_RECURSION = YES;
				CLANG_WARN_INT_CONVERSION = YES;
				CLANG_WARN_NON_LITERAL_NULL_CONVERSION = YES;
				CLANG_WARN_OBJC_IMPLICIT_RETAIN_SELF = YES;
				CLANG_WARN_OBJC_LITERAL_CONVERSION = YES;
				CLANG_WARN_OBJC_ROOT_CLASS = YES_ERROR;
				CLANG_WARN_QUOTED_INCLUDE_IN_FRAMEWORK_HEADER = YES;
				CLANG_WARN_RANGE_LOOP_ANALYSIS = YES;
				CLANG_WARN_STRICT_PROTOTYPES = YES;
				CLANG_WARN_SUSPICIOUS_MOVE = YES;
				CLANG_WARN_UNGUARDED_AVAILABILITY = YES_AGGRESSIVE;
				CLANG_WARN_UNREACHABLE_CODE = YES;
				CLANG_WARN__DUPLICATE_METHOD_MATCH = YES;
				COPY_PHASE_STRIP = NO;
				DEBUG_INFORMATION_FORMAT = "dwarf-with-dsym";
				ENABLE_NS_ASSERTIONS = NO;
				ENABLE_STRICT_OBJC_MSGSEND = YES;
				ENABLE_USER_SCRIPT_SANDBOXING = YES;
				GCC_C_LANGUAGE_STANDARD = gnu17;
				GCC_NO_COMMON_BLOCKS = YES;
				GCC_WARN_64_TO_32_BIT_CONVERSION = YES;
				GCC_WARN_ABOUT_RETURN_TYPE = YES_ERROR;
				GCC_WARN_UNDECLARED_SELECTOR = YES;
				GCC_WARN_UNINITIALIZED_AUTOS = YES_AGGRESSIVE;
				GCC_WARN_UNUSED_FUNCTION = YES;
				GCC_WARN_UNUSED_VARIABLE = YES;
				IPHONEOS_DEPLOYMENT_TARGET = 18.5;
				LOCALIZATION_PREFERS_STRING_CATALOGS = YES;
				MTL_ENABLE_DEBUG_INFO = NO;
				MTL_FAST_MATH = YES;
				SDKROOT = iphoneos;
				SWIFT_COMPILATION_MODE = wholemodule;
				VALIDATE_PRODUCT = YES;
			};
			name = Release;
		};
		CCA5A9DC2F5EEAFF0063F1EE /* Debug */ = {
			isa = XCBuildConfiguration;
			buildSettings = {
				ASSETCATALOG_COMPILER_APPICON_NAME = AppIcon;
				ASSETCATALOG_COMPILER_GLOBAL_ACCENT_COLOR_NAME = AccentColor;
				CODE_SIGN_STYLE = Automatic;
				CURRENT_PROJECT_VERSION = 1;
				ENABLE_PREVIEWS = YES;
				GENERATE_INFOPLIST_FILE = YES;
				INFOPLIST_KEY_UIApplicationSceneManifest_Generation = YES;
				INFOPLIST_KEY_UIApplicationSupportsIndirectInputEvents = YES;
				INFOPLIST_KEY_UILaunchScreen_Generation = YES;
				INFOPLIST_KEY_UISupportedInterfaceOrientations_iPad = "UIInterfaceOrientationPortrait UIInterfaceOrientationPortraitUpsideDown UIInterfaceOrientationLandscapeLeft UIInterfaceOrientationLandscapeRight";
				INFOPLIST_KEY_UISupportedInterfaceOrientations_iPhone = "UIInterfaceOrientationPortrait UIInterfaceOrientationLandscapeLeft UIInterfaceOrientationLandscapeRight";
				LD_RUNPATH_SEARCH_PATHS = (
					"$(inherited)",
					"@executable_path/Frameworks",
				);
				MARKETING_VERSION = 1.0;
				PRODUCT_BUNDLE_IDENTIFIER = "racheljkim.MYcro-History";
				PRODUCT_NAME = "$(TARGET_NAME)";
				SWIFT_EMIT_LOC_STRINGS = YES;
				SWIFT_VERSION = 5.0;
				TARGETED_DEVICE_FAMILY = "1,2";
			};
			name = Debug;
		};
		CCA5A9DD2F5EEAFF0063F1EE /* Release */ = {
			isa = XCBuildConfiguration;
			buildSettings = {
				ASSETCATALOG_COMPILER_APPICON_NAME = AppIcon;
				ASSETCATALOG_COMPILER_GLOBAL_ACCENT_COLOR_NAME = AccentColor;
				CODE_SIGN_STYLE = Automatic;
				CURRENT_PROJECT_VERSION = 1;
				ENABLE_PREVIEWS = YES;
				GENERATE_INFOPLIST_FILE = YES;
				INFOPLIST_KEY_UIApplicationSceneManifest_Generation = YES;
				INFOPLIST_KEY_UIApplicationSupportsIndirectInputEvents = YES;
				INFOPLIST_KEY_UILaunchScreen_Generation = YES;
				INFOPLIST_KEY_UISupportedInterfaceOrientations_iPad = "UIInterfaceOrientationPortrait UIInterfaceOrientationPortraitUpsideDown UIInterfaceOrientationLandscapeLeft UIInterfaceOrientationLandscapeRight";
				INFOPLIST_KEY_UISupportedInterfaceOrientations_iPhone = "UIInterfaceOrientationPortrait UIInterfaceOrientationLandscapeLeft UIInterfaceOrientationLandscapeRight";
				LD_RUNPATH_SEARCH_PATHS = (
					"$(inherited)",
					"@executable_path/Frameworks",
				);
				MARKETING_VERSION = 1.0;
				PRODUCT_BUNDLE_IDENTIFIER = "racheljkim.MYcro-History";
				PRODUCT_NAME = "$(TARGET_NAME)";
				SWIFT_EMIT_LOC_STRINGS = YES;
				SWIFT_VERSION = 5.0;
				TARGETED_DEVICE_FAMILY = "1,2";
			};
			name = Release;
		};
		CCA5A9DF2F5EEAFF0063F1EE /* Debug */ = {
			isa = XCBuildConfiguration;
			buildSettings = {
				BUNDLE_LOADER = "$(TEST_HOST)";
				CODE_SIGN_STYLE = Automatic;
				CURRENT_PROJECT_VERSION = 1;
				GENERATE_INFOPLIST_FILE = YES;
				IPHONEOS_DEPLOYMENT_TARGET = 18.5;
				MARKETING_VERSION = 1.0;
				PRODUCT_BUNDLE_IDENTIFIER = "racheljkim.MYcro-HistoryTests";
				PRODUCT_NAME = "$(TARGET_NAME)";
				SWIFT_EMIT_LOC_STRINGS = NO;
				SWIFT_VERSION = 5.0;
				TARGETED_DEVICE_FAMILY = "1,2";
				TEST_HOST = "$(BUILT_PRODUCTS_DIR)/MYcro History.app/$(BUNDLE_EXECUTABLE_FOLDER_PATH)/MYcro History";
			};
			name = Debug;
		};
		CCA5A9E02F5EEAFF0063F1EE /* Release */ = {
			isa = XCBuildConfiguration;
			buildSettings = {
				BUNDLE_LOADER = "$(TEST_HOST)";
				CODE_SIGN_STYLE = Automatic;
				CURRENT_PROJECT_VERSION = 1;
				GENERATE_INFOPLIST_FILE = YES;
				IPHONEOS_DEPLOYMENT_TARGET = 18.5;
				MARKETING_VERSION = 1.0;
				PRODUCT_BUNDLE_IDENTIFIER = "racheljkim.MYcro-HistoryTests";
				PRODUCT_NAME = "$(TARGET_NAME)";
				SWIFT_EMIT_LOC_STRINGS = NO;
				SWIFT_VERSION = 5.0;
				TARGETED_DEVICE_FAMILY = "1,2";
				TEST_HOST = "$(BUILT_PRODUCTS_DIR)/MYcro History.app/$(BUNDLE_EXECUTABLE_FOLDER_PATH)/MYcro History";
			};
			name = Release;
		};
		CCA5A9E22F5EEAFF0063F1EE /* Debug */ = {
			isa = XCBuildConfiguration;
			buildSettings = {
				CODE_SIGN_STYLE = Automatic;
				CURRENT_PROJECT_VERSION = 1;
				GENERATE_INFOPLIST_FILE = YES;
				MARKETING_VERSION = 1.0;
				PRODUCT_BUNDLE_IDENTIFIER = "racheljkim.MYcro-HistoryUITests";
				PRODUCT_NAME = "$(TARGET_NAME)";
				SWIFT_EMIT_LOC_STRINGS = NO;
				SWIFT_VERSION = 5.0;
				TARGETED_DEVICE_FAMILY = "1,2";
				TEST_TARGET_NAME = "MYcro History";
			};
			name = Debug;
		};
		CCA5A9E32F5EEAFF0063F1EE /* Release */ = {
			isa = XCBuildConfiguration;
			buildSettings = {
				CODE_SIGN_STYLE = Automatic;
				CURRENT_PROJECT_VERSION = 1;
				GENERATE_INFOPLIST_FILE = YES;
				MARKETING_VERSION = 1.0;
				PRODUCT_BUNDLE_IDENTIFIER = "racheljkim.MYcro-HistoryUITests";
				PRODUCT_NAME = "$(TARGET_NAME)";
				SWIFT_EMIT_LOC_STRINGS = NO;
				SWIFT_VERSION = 5.0;
				TARGETED_DEVICE_FAMILY = "1,2";
				TEST_TARGET_NAME = "MYcro History";
			};
			name = Release;
		};
/* End XCBuildConfiguration section */

/* Begin XCConfigurationList section */
		CCA5A9B32F5EEAFE0063F1EE /* Build configuration list for PBXProject "MYcro History" */ = {
			isa = XCConfigurationList;
			buildConfigurations = (
				CCA5A9D92F5EEAFF0063F1EE /* Debug */,
				CCA5A9DA2F5EEAFF0063F1EE /* Release */,
			);
			defaultConfigurationIsVisible = 0;
			defaultConfigurationName = Release;
		};
		CCA5A9DB2F5EEAFF0063F1EE /* Build configuration list for PBXNativeTarget "MYcro History" */ = {
			isa = XCConfigurationList;
			buildConfigurations = (
				CCA5A9DC2F5EEAFF0063F1EE /* Debug */,
				CCA5A9DD2F5EEAFF0063F1EE /* Release */,
			);
			defaultConfigurationIsVisible = 0;
			defaultConfigurationName = Release;
		};
		CCA5A9DE2F5EEAFF0063F1EE /* Build configuration list for PBXNativeTarget "MYcro HistoryTests" */ = {
			isa = XCConfigurationList;
			buildConfigurations = (
				CCA5A9DF2F5EEAFF0063F1EE /* Debug */,
				CCA5A9E02F5EEAFF0063F1EE /* Release */,
			);
			defaultConfigurationIsVisible = 0;
			defaultConfigurationName = Release;
		};
		CCA5A9E12F5EEAFF0063F1EE /* Build configuration list for PBXNativeTarget "MYcro HistoryUITests" */ = {
			isa = XCConfigurationList;
			buildConfigurations = (
				CCA5A9E22F5EEAFF0063F1EE /* Debug */,
				CCA5A9E32F5EEAFF0063F1EE /* Release */,
			);
			defaultConfigurationIsVisible = 0;
			defaultConfigurationName = Release;
		};
/* End XCConfigurationList section */
	};
	rootObject = CCA5A9B02F5EEAFE0063F1EE /* Project object */;
}
